
Microsoft Visual Studio Solution File, Format Version 12.00
# Visual Studio 14
VisualStudioVersion = 14.0.24720.0
MinimumVisualStudioVersion = 10.0.40219.1
Project("{FAE04EC0-301F-11D3-BF4B-00C04F79EFBC}") = "Darkfail", "Darkfail.csproj", "{6CFDE9D7-9E78-3F62-CF38-2654619D45BD}"
EndProject
Project("{FAE04EC0-301F-11D3-BF4B-00C04F79EFBC}") = "Darkfail.Editor", "Darkfail.Editor.csproj", "{FCF51B47-53DE-4836-D64D-DF15B2E48043}"
EndProject
Project("{8BC9CEB8-8B4A-11D0-8D11-00A0C91BC942}") = "Server", "Server\Server.vcxproj", "{23187A87-EE8D-4766-BA2F-89329A2ECBE9}"
EndProject
Project("{8BC9CEB8-8B4A-11D0-8D11-00A0C91BC942}") = "BuildFlatbuffers", "BuildFlatbuffers\BuildFlatbuffers.vcxproj", "{E99AD496-4F58-4A58-BB9B-D24BFFF4BEEE}"
EndProject
Project("{8BC9CEB8-8B4A-11D0-8D11-00A0C91BC942}") = "NavmeshBuilder", "NavmeshBuilder\NavmeshBuilder.vcxproj", "{E629401F-58A2-41E1-A708-2B9341DABE0C}"
EndProject
Project("{8BC9CEB8-8B4A-11D0-8D11-00A0C91BC942}") = "Recast", "..\..\recastnavigation\RecastDemo\Build\vs2015\Recast.vcxproj", "{A7A881CE-934A-ACA4-7C05-C0F8684633F5}"
EndProject
Project("{8BC9CEB8-8B4A-11D0-8D11-00A0C91BC942}") = "Detour", "..\..\recastnavigation\RecastDemo\Build\vs2015\Detour.vcxproj", "{18FEE2AD-04A0-0D84-ED5A-21D8D99B94D4}"
EndProject
Project("{8BC9CEB8-8B4A-11D0-8D11-00A0C91BC942}") = "DetourCrowd", "..\..\recastnavigation\RecastDemo\Build\vs2015\DetourCrowd.vcxproj", "{F7616A66-6317-E35B-EC0B-DD3258C0D95F}"
EndProject
Project("{8BC9CEB8-8B4A-11D0-8D11-00A0C91BC942}") = "DetourTileCache", "..\..\recastnavigation\RecastDemo\Build\vs2015\DetourTileCache.vcxproj", "{1AB411D3-863F-7F97-8F50-028CFB5ADB97}"
EndProject
Project("{8BC9CEB8-8B4A-11D0-8D11-00A0C91BC942}") = "DebugUtils", "..\..\recastnavigation\RecastDemo\Build\vs2015\DebugUtils.vcxproj", "{5D28ADD3-49E0-EE20-B2E7-C77C9EBE8911}"
EndProject
Global
	GlobalSection(SolutionConfigurationPlatforms) = preSolution
		Debug|Any CPU = Debug|Any CPU
		Release|Any CPU = Release|Any CPU
	EndGlobalSection
	GlobalSection(ProjectConfigurationPlatforms) = postSolution
		{6CFDE9D7-9E78-3F62-CF38-2654619D45BD}.Debug|Any CPU.ActiveCfg = Debug|Any CPU
		{6CFDE9D7-9E78-3F62-CF38-2654619D45BD}.Debug|Any CPU.Build.0 = Debug|Any CPU
		{6CFDE9D7-9E78-3F62-CF38-2654619D45BD}.Release|Any CPU.ActiveCfg = Release|Any CPU
		{6CFDE9D7-9E78-3F62-CF38-2654619D45BD}.Release|Any CPU.Build.0 = Release|Any CPU
		{FCF51B47-53DE-4836-D64D-DF15B2E48043}.Debug|Any CPU.ActiveCfg = Debug|Any CPU
		{FCF51B47-53DE-4836-D64D-DF15B2E48043}.Debug|Any CPU.Build.0 = Debug|Any CPU
		{FCF51B47-53DE-4836-D64D-DF15B2E48043}.Release|Any CPU.ActiveCfg = Release|Any CPU
		{FCF51B47-53DE-4836-D64D-DF15B2E48043}.Release|Any CPU.Build.0 = Release|Any CPU
		{23187A87-EE8D-4766-BA2F-89329A2ECBE9}.Debug|Any CPU.ActiveCfg = Debug|Win32
		{23187A87-EE8D-4766-BA2F-89329A2ECBE9}.Release|Any CPU.ActiveCfg = Release|Win32
		{E99AD496-4F58-4A58-BB9B-D24BFFF4BEEE}.Debug|Any CPU.ActiveCfg = Debug|Win32
		{E99AD496-4F58-4A58-BB9B-D24BFFF4BEEE}.Release|Any CPU.ActiveCfg = Release|Win32
		{E629401F-58A2-41E1-A708-2B9341DABE0C}.Debug|Any CPU.ActiveCfg = Debug|Win32
		{E629401F-58A2-41E1-A708-2B9341DABE0C}.Release|Any CPU.ActiveCfg = Release|Win32
		{A7A881CE-934A-ACA4-7C05-C0F8684633F5}.Debug|Any CPU.ActiveCfg = Debug|Win32
		{A7A881CE-934A-ACA4-7C05-C0F8684633F5}.Release|Any CPU.ActiveCfg = Release|Win32
		{18FEE2AD-04A0-0D84-ED5A-21D8D99B94D4}.Debug|Any CPU.ActiveCfg = Debug|Win32
		{18FEE2AD-04A0-0D84-ED5A-21D8D99B94D4}.Release|Any CPU.ActiveCfg = Release|Win32
		{F7616A66-6317-E35B-EC0B-DD3258C0D95F}.Debug|Any CPU.ActiveCfg = Debug|Win32
		{F7616A66-6317-E35B-EC0B-DD3258C0D95F}.Release|Any CPU.ActiveCfg = Release|Win32
		{1AB411D3-863F-7F97-8F50-028CFB5ADB97}.Debug|Any CPU.ActiveCfg = Debug|Win32
		{1AB411D3-863F-7F97-8F50-028CFB5ADB97}.Release|Any CPU.ActiveCfg = Release|Win32
		{5D28ADD3-49E0-EE20-B2E7-C77C9EBE8911}.Debug|Any CPU.ActiveCfg = Debug|Win32
		{5D28ADD3-49E0-EE20-B2E7-C77C9EBE8911}.Release|Any CPU.ActiveCfg = Release|Win32
	EndGlobalSection
	GlobalSection(SolutionProperties) = preSolution
		HideSolutionNode = FALSE
	EndGlobalSection
EndGlobal
